
Microsoft Visual Studio Solution File, Format Version 12.00
# Visual Studio 15
VisualStudioVersion = 15.0.28010.0
MinimumVisualStudioVersion = 10.0.40219.1
Project("{FAE04EC0-301F-11D3-BF4B-00C04F79EFBC}") = "HomeworkXmlDocument", "HomeworkXmlDocument\HomeworkXmlDocument.csproj", "{46310321-60D2-42D0-8896-0A42D9B3DAC1}"
EndProject
Global
	GlobalSection(SolutionConfigurationPlatforms) = preSolution
		Debug|Any CPU = Debug|Any CPU
		Release|Any CPU = Release|Any CPU
	EndGlobalSection
	GlobalSection(ProjectConfigurationPlatforms) = postSolution
		{46310321-60D2-42D0-8896-0A42D9B3DAC1}.Debug|Any CPU.ActiveCfg = Debug|Any CPU
		{46310321-60D2-42D0-8896-0A42D9B3DAC1}.Debug|Any CPU.Build.0 = Debug|Any CPU
		{46310321-60D2-42D0-8896-0A42D9B3DAC1}.Release|Any CPU.ActiveCfg = Release|Any CPU
		{46310321-60D2-42D0-8896-0A42D9B3DAC1}.Release|Any CPU.Build.0 = Release|Any CPU
	EndGlobalSection
	GlobalSection(SolutionProperties) = preSolution
		HideSolutionNode = FALSE
	EndGlobalSection
	GlobalSection(ExtensibilityGlobals) = postSolution
		SolutionGuid = {E379A026-9AFB-40D3-982E-C1DF15360644}
	EndGlobalSection
EndGlobal
